// !$*UTF8*$!
{
	archiveVersion = 1;
	classes = {
	};
	objectVersion = 50;
	objects = {

/* Begin PBXBuildFile section */
		7DAFB51926BD731800DDBC11 /* YAPComponents.framework in Frameworks */ = {isa = PBXBuildFile; fileRef = 7DAFB50F26BD731800DDBC11 /* YAPComponents.framework */; };
		7DAFB51E26BD731900DDBC11 /* YAPComponentsTests.swift in Sources */ = {isa = PBXBuildFile; fileRef = 7DAFB51D26BD731900DDBC11 /* YAPComponentsTests.swift */; };
		7DAFB52026BD731900DDBC11 /* YAPComponents.h in Headers */ = {isa = PBXBuildFile; fileRef = 7DAFB51226BD731800DDBC11 /* YAPComponents.h */; settings = {ATTRIBUTES = (Public, ); }; };
		7DAFB56626C0EED200DDBC11 /* DefaultTextField.swift in Sources */ = {isa = PBXBuildFile; fileRef = 7DAFB56526C0EED200DDBC11 /* DefaultTextField.swift */; };
/* End PBXBuildFile section */

/* Begin PBXContainerItemProxy section */
		7DAFB51A26BD731900DDBC11 /* PBXContainerItemProxy */ = {
			isa = PBXContainerItemProxy;
			containerPortal = 7DAFB50626BD731800DDBC11 /* Project object */;
			proxyType = 1;
			remoteGlobalIDString = 7DAFB50E26BD731800DDBC11;
			remoteInfo = YAPComponents;
		};
/* End PBXContainerItemProxy section */

/* Begin PBXFileReference section */
		7DAFB50F26BD731800DDBC11 /* YAPComponents.framework */ = {isa = PBXFileReference; explicitFileType = wrapper.framework; includeInIndex = 0; path = YAPComponents.framework; sourceTree = BUILT_PRODUCTS_DIR; };
		7DAFB51226BD731800DDBC11 /* YAPComponents.h */ = {isa = PBXFileReference; lastKnownFileType = sourcecode.c.h; path = YAPComponents.h; sourceTree = "<group>"; };
		7DAFB51326BD731800DDBC11 /* Info.plist */ = {isa = PBXFileReference; lastKnownFileType = text.plist.xml; path = Info.plist; sourceTree = "<group>"; };
		7DAFB51826BD731800DDBC11 /* YAPComponentsTests.xctest */ = {isa = PBXFileReference; explicitFileType = wrapper.cfbundle; includeInIndex = 0; path = YAPComponentsTests.xctest; sourceTree = BUILT_PRODUCTS_DIR; };
		7DAFB51D26BD731900DDBC11 /* YAPComponentsTests.swift */ = {isa = PBXFileReference; lastKnownFileType = sourcecode.swift; path = YAPComponentsTests.swift; sourceTree = "<group>"; };
		7DAFB51F26BD731900DDBC11 /* Info.plist */ = {isa = PBXFileReference; lastKnownFileType = text.plist.xml; path = Info.plist; sourceTree = "<group>"; };
		7DAFB56526C0EED200DDBC11 /* DefaultTextField.swift */ = {isa = PBXFileReference; lastKnownFileType = sourcecode.swift; path = DefaultTextField.swift; sourceTree = "<group>"; };
/* End PBXFileReference section */

/* Begin PBXFrameworksBuildPhase section */
		7DAFB50C26BD731800DDBC11 /* Frameworks */ = {
			isa = PBXFrameworksBuildPhase;
			buildActionMask = 2147483647;
			files = (
			);
			runOnlyForDeploymentPostprocessing = 0;
		};
		7DAFB51526BD731800DDBC11 /* Frameworks */ = {
			isa = PBXFrameworksBuildPhase;
			buildActionMask = 2147483647;
			files = (
				7DAFB51926BD731800DDBC11 /* YAPComponents.framework in Frameworks */,
			);
			runOnlyForDeploymentPostprocessing = 0;
		};
/* End PBXFrameworksBuildPhase section */

/* Begin PBXGroup section */
		7DAFB50526BD731800DDBC11 = {
			isa = PBXGroup;
			children = (
				7DAFB51126BD731800DDBC11 /* Source */,
				7DAFB51C26BD731900DDBC11 /* Tests */,
				7DAFB51026BD731800DDBC11 /* Products */,
			);
			sourceTree = "<group>";
		};
		7DAFB51026BD731800DDBC11 /* Products */ = {
			isa = PBXGroup;
			children = (
				7DAFB50F26BD731800DDBC11 /* YAPComponents.framework */,
				7DAFB51826BD731800DDBC11 /* YAPComponentsTests.xctest */,
			);
			name = Products;
			sourceTree = "<group>";
		};
		7DAFB51126BD731800DDBC11 /* Source */ = {
			isa = PBXGroup;
			children = (
				7DAFB56526C0EED200DDBC11 /* DefaultTextField.swift */,
				7DAFB51326BD731800DDBC11 /* Info.plist */,
				7DAFB51226BD731800DDBC11 /* YAPComponents.h */,
			);
			path = Source;
			sourceTree = "<group>";
		};
		7DAFB51C26BD731900DDBC11 /* Tests */ = {
			isa = PBXGroup;
			children = (
				7DAFB51D26BD731900DDBC11 /* YAPComponentsTests.swift */,
				7DAFB51F26BD731900DDBC11 /* Info.plist */,
			);
			path = Tests;
			sourceTree = "<group>";
		};
/* End PBXGroup section */

/* Begin PBXHeadersBuildPhase section */
		7DAFB50A26BD731800DDBC11 /* Headers */ = {
			isa = PBXHeadersBuildPhase;
			buildActionMask = 2147483647;
			files = (
				7DAFB52026BD731900DDBC11 /* YAPComponents.h in Headers */,
			);
			runOnlyForDeploymentPostprocessing = 0;
		};
/* End PBXHeadersBuildPhase section */

/* Begin PBXNativeTarget section */
		7DAFB50E26BD731800DDBC11 /* YAPComponents */ = {
			isa = PBXNativeTarget;
			buildConfigurationList = 7DAFB52326BD731900DDBC11 /* Build configuration list for PBXNativeTarget "YAPComponents" */;
			buildPhases = (
				7DAFB50A26BD731800DDBC11 /* Headers */,
				7DAFB50B26BD731800DDBC11 /* Sources */,
				7DAFB50C26BD731800DDBC11 /* Frameworks */,
				7DAFB50D26BD731800DDBC11 /* Resources */,
			);
			buildRules = (
			);
			dependencies = (
			);
			name = YAPComponents;
			productName = YAPComponents;
			productReference = 7DAFB50F26BD731800DDBC11 /* YAPComponents.framework */;
			productType = "com.apple.product-type.framework";
		};
		7DAFB51726BD731800DDBC11 /* YAPComponentsTests */ = {
			isa = PBXNativeTarget;
			buildConfigurationList = 7DAFB52626BD731900DDBC11 /* Build configuration list for PBXNativeTarget "YAPComponentsTests" */;
			buildPhases = (
				7DAFB51426BD731800DDBC11 /* Sources */,
				7DAFB51526BD731800DDBC11 /* Frameworks */,
				7DAFB51626BD731800DDBC11 /* Resources */,
			);
			buildRules = (
			);
			dependencies = (
				7DAFB51B26BD731900DDBC11 /* PBXTargetDependency */,
			);
			name = YAPComponentsTests;
			productName = YAPComponentsTests;
			productReference = 7DAFB51826BD731800DDBC11 /* YAPComponentsTests.xctest */;
			productType = "com.apple.product-type.bundle.unit-test";
		};
/* End PBXNativeTarget section */

/* Begin PBXProject section */
		7DAFB50626BD731800DDBC11 /* Project object */ = {
			isa = PBXProject;
			attributes = {
				LastSwiftUpdateCheck = 1250;
				LastUpgradeCheck = 1250;
				TargetAttributes = {
					7DAFB50E26BD731800DDBC11 = {
						CreatedOnToolsVersion = 12.5.1;
						LastSwiftMigration = 1250;
					};
					7DAFB51726BD731800DDBC11 = {
						CreatedOnToolsVersion = 12.5.1;
					};
				};
			};
			buildConfigurationList = 7DAFB50926BD731800DDBC11 /* Build configuration list for PBXProject "YAPComponents" */;
			compatibilityVersion = "Xcode 9.3";
			developmentRegion = en;
			hasScannedForEncodings = 0;
			knownRegions = (
				en,
				Base,
			);
			mainGroup = 7DAFB50526BD731800DDBC11;
			productRefGroup = 7DAFB51026BD731800DDBC11 /* Products */;
			projectDirPath = "";
			projectRoot = "";
			targets = (
				7DAFB50E26BD731800DDBC11 /* YAPComponents */,
				7DAFB51726BD731800DDBC11 /* YAPComponentsTests */,
			);
		};
/* End PBXProject section */

/* Begin PBXResourcesBuildPhase section */
		7DAFB50D26BD731800DDBC11 /* Resources */ = {
			isa = PBXResourcesBuildPhase;
			buildActionMask = 2147483647;
			files = (
			);
			runOnlyForDeploymentPostprocessing = 0;
		};
		7DAFB51626BD731800DDBC11 /* Resources */ = {
			isa = PBXResourcesBuildPhase;
			buildActionMask = 2147483647;
			files = (
			);
			runOnlyForDeploymentPostprocessing = 0;
		};
/* End PBXResourcesBuildPhase section */

/* Begin PBXSourcesBuildPhase section */
		7DAFB50B26BD731800DDBC11 /* Sources */ = {
			isa = PBXSourcesBuildPhase;
			buildActionMask = 2147483647;
			files = (
				7DAFB56626C0EED200DDBC11 /* DefaultTextField.swift in Sources */,
			);
			runOnlyForDeploymentPostprocessing = 0;
		};
		7DAFB51426BD731800DDBC11 /* Sources */ = {
			isa = PBXSourcesBuildPhase;
			buildActionMask = 2147483647;
			files = (
				7DAFB51E26BD731900DDBC11 /* YAPComponentsTests.swift in Sources */,
			);
			runOnlyForDeploymentPostprocessing = 0;
		};
/* End PBXSourcesBuildPhase section */

/* Begin PBXTargetDependency section */
		7DAFB51B26BD731900DDBC11 /* PBXTargetDependency */ = {
			isa = PBXTargetDependency;
			target = 7DAFB50E26BD731800DDBC11 /* YAPComponents */;
			targetProxy = 7DAFB51A26BD731900DDBC11 /* PBXContainerItemProxy */;
		};
/* End PBXTargetDependency section */

/* Begin XCBuildConfiguration section */
		7DAFB52126BD731900DDBC11 /* Debug */ = {
			isa = XCBuildConfiguration;
			buildSettings = {
				ALWAYS_SEARCH_USER_PATHS = NO;
				CLANG_ANALYZER_NONNULL = YES;
				CLANG_ANALYZER_NUMBER_OBJECT_CONVERSION = YES_AGGRESSIVE;
				CLANG_CXX_LANGUAGE_STANDARD = "gnu++14";
				CLANG_CXX_LIBRARY = "libc++";
				CLANG_ENABLE_MODULES = YES;
				CLANG_ENABLE_OBJC_ARC = YES;
				CLANG_ENABLE_OBJC_WEAK = YES;
				CLANG_WARN_BLOCK_CAPTURE_AUTORELEASING = YES;
				CLANG_WARN_BOOL_CONVERSION = YES;
				CLANG_WARN_COMMA = YES;
				CLANG_WARN_CONSTANT_CONVERSION = YES;
				CLANG_WARN_DEPRECATED_OBJC_IMPLEMENTATIONS = YES;
				CLANG_WARN_DIRECT_OBJC_ISA_USAGE = YES_ERROR;
				CLANG_WARN_DOCUMENTATION_COMMENTS = YES;
				CLANG_WARN_EMPTY_BODY = YES;
				CLANG_WARN_ENUM_CONVERSION = YES;
				CLANG_WARN_INFINITE_RECURSION = YES;
				CLANG_WARN_INT_CONVERSION = YES;
				CLANG_WARN_NON_LITERAL_NULL_CONVERSION = YES;
				CLANG_WARN_OBJC_IMPLICIT_RETAIN_SELF = YES;
				CLANG_WARN_OBJC_LITERAL_CONVERSION = YES;
				CLANG_WARN_OBJC_ROOT_CLASS = YES_ERROR;
				CLANG_WARN_QUOTED_INCLUDE_IN_FRAMEWORK_HEADER = YES;
				CLANG_WARN_RANGE_LOOP_ANALYSIS = YES;
				CLANG_WARN_STRICT_PROTOTYPES = YES;
				CLANG_WARN_SUSPICIOUS_MOVE = YES;
				CLANG_WARN_UNGUARDED_AVAILABILITY = YES_AGGRESSIVE;
				CLANG_WARN_UNREACHABLE_CODE = YES;
				CLANG_WARN__DUPLICATE_METHOD_MATCH = YES;
				COPY_PHASE_STRIP = NO;
				CURRENT_PROJECT_VERSION = 1;
				DEBUG_INFORMATION_FORMAT = dwarf;
				ENABLE_STRICT_OBJC_MSGSEND = YES;
				ENABLE_TESTABILITY = YES;
				GCC_C_LANGUAGE_STANDARD = gnu11;
				GCC_DYNAMIC_NO_PIC = NO;
				GCC_NO_COMMON_BLOCKS = YES;
				GCC_OPTIMIZATION_LEVEL = 0;
				GCC_PREPROCESSOR_DEFINITIONS = (
					"DEBUG=1",
					"$(inherited)",
				);
				GCC_WARN_64_TO_32_BIT_CONVERSION = YES;
				GCC_WARN_ABOUT_RETURN_TYPE = YES_ERROR;
				GCC_WARN_UNDECLARED_SELECTOR = YES;
				GCC_WARN_UNINITIALIZED_AUTOS = YES_AGGRESSIVE;
				GCC_WARN_UNUSED_FUNCTION = YES;
				GCC_WARN_UNUSED_VARIABLE = YES;
				IPHONEOS_DEPLOYMENT_TARGET = 14.5;
				MTL_ENABLE_DEBUG_INFO = INCLUDE_SOURCE;
				MTL_FAST_MATH = YES;
				ONLY_ACTIVE_ARCH = YES;
				SDKROOT = iphoneos;
				SWIFT_ACTIVE_COMPILATION_CONDITIONS = DEBUG;
				SWIFT_OPTIMIZATION_LEVEL = "-Onone";
				VERSIONING_SYSTEM = "apple-generic";
				VERSION_INFO_PREFIX = "";
			};
			name = Debug;
		};
		7DAFB52226BD731900DDBC11 /* Release */ = {
			isa = XCBuildConfiguration;
			buildSettings = {
				ALWAYS_SEARCH_USER_PATHS = NO;
				CLANG_ANALYZER_NONNULL = YES;
				CLANG_ANALYZER_NUMBER_OBJECT_CONVERSION = YES_AGGRESSIVE;
				CLANG_CXX_LANGUAGE_STANDARD = "gnu++14";
				CLANG_CXX_LIBRARY = "libc++";
				CLANG_ENABLE_MODULES = YES;
				CLANG_ENABLE_OBJC_ARC = YES;
				CLANG_ENABLE_OBJC_WEAK = YES;
				CLANG_WARN_BLOCK_CAPTURE_AUTORELEASING = YES;
				CLANG_WARN_BOOL_CONVERSION = YES;
				CLANG_WARN_COMMA = YES;
				CLANG_WARN_CONSTANT_CONVERSION = YES;
				CLANG_WARN_DEPRECATED_OBJC_IMPLEMENTATIONS = YES;
				CLANG_WARN_DIRECT_OBJC_ISA_USAGE = YES_ERROR;
				CLANG_WARN_DOCUMENTATION_COMMENTS = YES;
				CLANG_WARN_EMPTY_BODY = YES;
				CLANG_WARN_ENUM_CONVERSION = YES;
				CLANG_WARN_INFINITE_RECURSION = YES;
				CLANG_WARN_INT_CONVERSION = YES;
				CLANG_WARN_NON_LITERAL_NULL_CONVERSION = YES;
				CLANG_WARN_OBJC_IMPLICIT_RETAIN_SELF = YES;
				CLANG_WARN_OBJC_LITERAL_CONVERSION = YES;
				CLANG_WARN_OBJC_ROOT_CLASS = YES_ERROR;
				CLANG_WARN_QUOTED_INCLUDE_IN_FRAMEWORK_HEADER = YES;
				CLANG_WARN_RANGE_LOOP_ANALYSIS = YES;
				CLANG_WARN_STRICT_PROTOTYPES = YES;
				CLANG_WARN_SUSPICIOUS_MOVE = YES;
				CLANG_WARN_UNGUARDED_AVAILABILITY = YES_AGGRESSIVE;
				CLANG_WARN_UNREACHABLE_CODE = YES;
				CLANG_WARN__DUPLICATE_METHOD_MATCH = YES;
				COPY_PHASE_STRIP = NO;
				CURRENT_PROJECT_VERSION = 1;
				DEBUG_INFORMATION_FORMAT = "dwarf-with-dsym";
				ENABLE_NS_ASSERTIONS = NO;
				ENABLE_STRICT_OBJC_MSGSEND = YES;
				GCC_C_LANGUAGE_STANDARD = gnu11;
				GCC_NO_COMMON_BLOCKS = YES;
				GCC_WARN_64_TO_32_BIT_CONVERSION = YES;
				GCC_WARN_ABOUT_RETURN_TYPE = YES_ERROR;
				GCC_WARN_UNDECLARED_SELECTOR = YES;
				GCC_WARN_UNINITIALIZED_AUTOS = YES_AGGRESSIVE;
				GCC_WARN_UNUSED_FUNCTION = YES;
				GCC_WARN_UNUSED_VARIABLE = YES;
				IPHONEOS_DEPLOYMENT_TARGET = 14.5;
				MTL_ENABLE_DEBUG_INFO = NO;
				MTL_FAST_MATH = YES;
				SDKROOT = iphoneos;
				SWIFT_COMPILATION_MODE = wholemodule;
				SWIFT_OPTIMIZATION_LEVEL = "-O";
				VALIDATE_PRODUCT = YES;
				VERSIONING_SYSTEM = "apple-generic";
				VERSION_INFO_PREFIX = "";
			};
			name = Release;
		};
		7DAFB52426BD731900DDBC11 /* Debug */ = {
			isa = XCBuildConfiguration;
			buildSettings = {
				CLANG_ENABLE_MODULES = YES;
				CODE_SIGN_STYLE = Automatic;
				DEFINES_MODULE = YES;
				DYLIB_COMPATIBILITY_VERSION = 1;
				DYLIB_CURRENT_VERSION = 1;
				DYLIB_INSTALL_NAME_BASE = "@rpath";
				INFOPLIST_FILE = YAPComponents/Info.plist;
				INSTALL_PATH = "$(LOCAL_LIBRARY_DIR)/Frameworks";
				LD_RUNPATH_SEARCH_PATHS = (
					"$(inherited)",
					"@executable_path/Frameworks",
					"@loader_path/Frameworks",
				);
				PRODUCT_BUNDLE_IDENTIFIER = com.digitify.YAPComponents;
				PRODUCT_NAME = "$(TARGET_NAME:c99extidentifier)";
				SKIP_INSTALL = YES;
				SWIFT_OPTIMIZATION_LEVEL = "-Onone";
				SWIFT_VERSION = 5.0;
				TARGETED_DEVICE_FAMILY = "1,2";
			};
			name = Debug;
		};
		7DAFB52526BD731900DDBC11 /* Release */ = {
			isa = XCBuildConfiguration;
			buildSettings = {
				CLANG_ENABLE_MODULES = YES;
				CODE_SIGN_STYLE = Automatic;
				DEFINES_MODULE = YES;
				DYLIB_COMPATIBILITY_VERSION = 1;
				DYLIB_CURRENT_VERSION = 1;
				DYLIB_INSTALL_NAME_BASE = "@rpath";
				INFOPLIST_FILE = YAPComponents/Info.plist;
				INSTALL_PATH = "$(LOCAL_LIBRARY_DIR)/Frameworks";
				LD_RUNPATH_SEARCH_PATHS = (
					"$(inherited)",
					"@executable_path/Frameworks",
					"@loader_path/Frameworks",
				);
				PRODUCT_BUNDLE_IDENTIFIER = com.digitify.YAPComponents;
				PRODUCT_NAME = "$(TARGET_NAME:c99extidentifier)";
				SKIP_INSTALL = YES;
				SWIFT_VERSION = 5.0;
				TARGETED_DEVICE_FAMILY = "1,2";
			};
			name = Release;
		};
		7DAFB52726BD731900DDBC11 /* Debug */ = {
			isa = XCBuildConfiguration;
			buildSettings = {
				ALWAYS_EMBED_SWIFT_STANDARD_LIBRARIES = YES;
				CODE_SIGN_STYLE = Automatic;
				INFOPLIST_FILE = YAPComponentsTests/Info.plist;
				LD_RUNPATH_SEARCH_PATHS = (
					"$(inherited)",
					"@executable_path/Frameworks",
					"@loader_path/Frameworks",
				);
				PRODUCT_BUNDLE_IDENTIFIER = com.digitify.YAPComponentsTests;
				PRODUCT_NAME = "$(TARGET_NAME)";
				SWIFT_VERSION = 5.0;
				TARGETED_DEVICE_FAMILY = "1,2";
			};
			name = Debug;
		};
		7DAFB52826BD731900DDBC11 /* Release */ = {
			isa = XCBuildConfiguration;
			buildSettings = {
				ALWAYS_EMBED_SWIFT_STANDARD_LIBRARIES = YES;
				CODE_SIGN_STYLE = Automatic;
				INFOPLIST_FILE = YAPComponentsTests/Info.plist;
				LD_RUNPATH_SEARCH_PATHS = (
					"$(inherited)",
					"@executable_path/Frameworks",
					"@loader_path/Frameworks",
				);
				PRODUCT_BUNDLE_IDENTIFIER = com.digitify.YAPComponentsTests;
				PRODUCT_NAME = "$(TARGET_NAME)";
				SWIFT_VERSION = 5.0;
				TARGETED_DEVICE_FAMILY = "1,2";
			};
			name = Release;
		};
/* End XCBuildConfiguration section */

/* Begin XCConfigurationList section */
		7DAFB50926BD731800DDBC11 /* Build configuration list for PBXProject "YAPComponents" */ = {
			isa = XCConfigurationList;
			buildConfigurations = (
				7DAFB52126BD731900DDBC11 /* Debug */,
				7DAFB52226BD731900DDBC11 /* Release */,
			);
			defaultConfigurationIsVisible = 0;
			defaultConfigurationName = Release;
		};
		7DAFB52326BD731900DDBC11 /* Build configuration list for PBXNativeTarget "YAPComponents" */ = {
			isa = XCConfigurationList;
			buildConfigurations = (
				7DAFB52426BD731900DDBC11 /* Debug */,
				7DAFB52526BD731900DDBC11 /* Release */,
			);
			defaultConfigurationIsVisible = 0;
			defaultConfigurationName = Release;
		};
		7DAFB52626BD731900DDBC11 /* Build configuration list for PBXNativeTarget "YAPComponentsTests" */ = {
			isa = XCConfigurationList;
			buildConfigurations = (
				7DAFB52726BD731900DDBC11 /* Debug */,
				7DAFB52826BD731900DDBC11 /* Release */,
			);
			defaultConfigurationIsVisible = 0;
			defaultConfigurationName = Release;
		};
/* End XCConfigurationList section */
	};
	rootObject = 7DAFB50626BD731800DDBC11 /* Project object */;
}
